
Microsoft Visual Studio Solution File, Format Version 12.00
# Visual Studio Version 16
VisualStudioVersion = 16.0.31019.35
MinimumVisualStudioVersion = 10.0.40219.1
Project("{FAE04EC0-301F-11D3-BF4B-00C04F79EFBC}") = "EmitLog", "EmitLog\EmitLog.csproj", "{85D72F44-BD34-4EE8-A6F5-1E901D04B4B6}"
EndProject
Project("{FAE04EC0-301F-11D3-BF4B-00C04F79EFBC}") = "ReceiveLogs", "ReceiveLogs\ReceiveLogs.csproj", "{924E36BE-552D-4BAD-BBA0-C4D5576D3416}"
EndProject
Global
	GlobalSection(SolutionConfigurationPlatforms) = preSolution
		Debug|Any CPU = Debug|Any CPU
		Release|Any CPU = Release|Any CPU
	EndGlobalSection
	GlobalSection(ProjectConfigurationPlatforms) = postSolution
		{85D72F44-BD34-4EE8-A6F5-1E901D04B4B6}.Debug|Any CPU.ActiveCfg = Debug|Any CPU
		{85D72F44-BD34-4EE8-A6F5-1E901D04B4B6}.Debug|Any CPU.Build.0 = Debug|Any CPU
		{85D72F44-BD34-4EE8-A6F5-1E901D04B4B6}.Release|Any CPU.ActiveCfg = Release|Any CPU
		{85D72F44-BD34-4EE8-A6F5-1E901D04B4B6}.Release|Any CPU.Build.0 = Release|Any CPU
		{924E36BE-552D-4BAD-BBA0-C4D5576D3416}.Debug|Any CPU.ActiveCfg = Debug|Any CPU
		{924E36BE-552D-4BAD-BBA0-C4D5576D3416}.Debug|Any CPU.Build.0 = Debug|Any CPU
		{924E36BE-552D-4BAD-BBA0-C4D5576D3416}.Release|Any CPU.ActiveCfg = Release|Any CPU
		{924E36BE-552D-4BAD-BBA0-C4D5576D3416}.Release|Any CPU.Build.0 = Release|Any CPU
	EndGlobalSection
	GlobalSection(SolutionProperties) = preSolution
		HideSolutionNode = FALSE
	EndGlobalSection
	GlobalSection(ExtensibilityGlobals) = postSolution
		SolutionGuid = {8900A97E-5ECF-4D26-AD6C-279A437A5883}
	EndGlobalSection
EndGlobal
