
Microsoft Visual Studio Solution File, Format Version 12.00
# Visual Studio Version 16
VisualStudioVersion = 16.0.31019.35
MinimumVisualStudioVersion = 10.0.40219.1
Project("{9A19103F-16F7-4668-BE54-9A1E7A4F7556}") = "Receive", "Receive\Receive.csproj", "{68035FBC-9C61-4707-9ABD-CF8B8E154DF8}"
EndProject
Project("{9A19103F-16F7-4668-BE54-9A1E7A4F7556}") = "Send", "Send\Send.csproj", "{4D82AD1C-9765-498F-B182-1E975856F58B}"
EndProject
Global
	GlobalSection(SolutionConfigurationPlatforms) = preSolution
		Debug|Any CPU = Debug|Any CPU
		Release|Any CPU = Release|Any CPU
	EndGlobalSection
	GlobalSection(ProjectConfigurationPlatforms) = postSolution
		{68035FBC-9C61-4707-9ABD-CF8B8E154DF8}.Debug|Any CPU.ActiveCfg = Debug|Any CPU
		{68035FBC-9C61-4707-9ABD-CF8B8E154DF8}.Debug|Any CPU.Build.0 = Debug|Any CPU
		{68035FBC-9C61-4707-9ABD-CF8B8E154DF8}.Release|Any CPU.ActiveCfg = Release|Any CPU
		{68035FBC-9C61-4707-9ABD-CF8B8E154DF8}.Release|Any CPU.Build.0 = Release|Any CPU
		{4D82AD1C-9765-498F-B182-1E975856F58B}.Debug|Any CPU.ActiveCfg = Debug|Any CPU
		{4D82AD1C-9765-498F-B182-1E975856F58B}.Debug|Any CPU.Build.0 = Debug|Any CPU
		{4D82AD1C-9765-498F-B182-1E975856F58B}.Release|Any CPU.ActiveCfg = Release|Any CPU
		{4D82AD1C-9765-498F-B182-1E975856F58B}.Release|Any CPU.Build.0 = Release|Any CPU
	EndGlobalSection
	GlobalSection(SolutionProperties) = preSolution
		HideSolutionNode = FALSE
	EndGlobalSection
	GlobalSection(ExtensibilityGlobals) = postSolution
		SolutionGuid = {77E9C077-A0ED-4431-B7DF-D5A08D22638A}
	EndGlobalSection
EndGlobal
